
Microsoft Visual Studio Solution File, Format Version 12.00
# Visual Studio 15
VisualStudioVersion = 15.0.28307.168
MinimumVisualStudioVersion = 10.0.40219.1
Project("{8BC9CEB8-8B4A-11D0-8D11-00A0C91BC942}") = "AeroFC_MemoryDrivers", "AeroFC_MemoryDrivers\AeroFC_MemoryDrivers.vcxproj", "{ACD52AFE-17AB-474A-A060-4D464C496729}"
EndProject
Global
	GlobalSection(SolutionConfigurationPlatforms) = preSolution
		Debug|VisualGDB = Debug|VisualGDB
		Release|VisualGDB = Release|VisualGDB
	EndGlobalSection
	GlobalSection(ProjectConfigurationPlatforms) = postSolution
		{ACD52AFE-17AB-474A-A060-4D464C496729}.Debug|VisualGDB.ActiveCfg = Debug|VisualGDB
		{ACD52AFE-17AB-474A-A060-4D464C496729}.Debug|VisualGDB.Build.0 = Debug|VisualGDB
		{ACD52AFE-17AB-474A-A060-4D464C496729}.Release|VisualGDB.ActiveCfg = Release|VisualGDB
		{ACD52AFE-17AB-474A-A060-4D464C496729}.Release|VisualGDB.Build.0 = Release|VisualGDB
	EndGlobalSection
	GlobalSection(SolutionProperties) = preSolution
		HideSolutionNode = FALSE
	EndGlobalSection
	GlobalSection(ExtensibilityGlobals) = postSolution
		SolutionGuid = {FB525501-E5D7-4C5C-85AE-7891C8486808}
	EndGlobalSection
EndGlobal
