<?xml version="1.0" encoding="utf-8"?>
<Project ToolsVersion="4.0" xmlns="http://schemas.microsoft.com/developer/msbuild/2003">
  <ItemGroup>
    <Filter Include="Source files">
      <UniqueIdentifier>{a525449a-4f7a-4e8d-9830-805976f0d17c}</UniqueIdentifier>
      <Extensions>cpp;c;cc;cxx;def;odl;idl;hpj;bat;asm;asmx</Extensions>
    </Filter>
    <Filter Include="Header files">
      <UniqueIdentifier>{61337a34-8e4f-48ca-aefd-3b556ee65353}</UniqueIdentifier>
      <Extensions>h;hpp;hxx;hm;inl;inc;xsd</Extensions>
    </Filter>
    <Filter Include="Resource files">
      <UniqueIdentifier>{2a7545a8-47c7-489b-bbe9-230ef6519b26}</UniqueIdentifier>
      <Extensions>rc;ico;cur;bmp;dlg;rc2;rct;bin;rgs;gif;jpg;jpeg;jpe;resx;tiff;tif;png;wav</Extensions>
    </Filter>
    <Filter Include="Source files\Device-specific files">
      <UniqueIdentifier>{38c1543f-dcf5-46e9-9c55-dd02a40727b7}</UniqueIdentifier>
    </Filter>
    <Filter Include="Header files\Device-specific files">
      <UniqueIdentifier>{64d02606-df95-406e-adf3-b33dab7cfd6b}</UniqueIdentifier>
    </Filter>
    <Filter Include="VisualGDB settings">
      <UniqueIdentifier>{e1f643cf-f7b8-4a23-ab15-c6204485e398}</UniqueIdentifier>
    </Filter>
    <Filter Include="Chimera">
      <UniqueIdentifier>{42cef316-1d14-473e-b88e-1e787685d1f5}</UniqueIdentifier>
    </Filter>
    <Filter Include="Chimera\modules">
      <UniqueIdentifier>{493d16c1-c7e8-4ade-9a80-8297218d2614}</UniqueIdentifier>
    </Filter>
    <Filter Include="Chimera\modules\memory">
      <UniqueIdentifier>{a7439d6f-835e-46cf-a475-04b84417080d}</UniqueIdentifier>
    </Filter>
    <Filter Include="Thor">
      <UniqueIdentifier>{71ac406d-0db1-4a28-aed1-d5139f7e732d}</UniqueIdentifier>
    </Filter>
    <Filter Include="Thor\include">
      <UniqueIdentifier>{38f27d87-bee7-4b7a-8991-140547fbe83c}</UniqueIdentifier>
    </Filter>
    <Filter Include="Thor\source">
      <UniqueIdentifier>{642dd08f-d9c3-4336-8444-11f44f9d4147}</UniqueIdentifier>
    </Filter>
    <Filter Include="stm32hal_f7">
      <UniqueIdentifier>{5d631e87-9c4b-4815-a6f7-d8967076b3cf}</UniqueIdentifier>
    </Filter>
    <Filter Include="stm32hal_f7\Device">
      <UniqueIdentifier>{d89d7dd2-9e18-40bd-b694-96fa0af3105a}</UniqueIdentifier>
    </Filter>
    <Filter Include="stm32hal_f7\Device\conf">
      <UniqueIdentifier>{9589e8cb-d796-4f2c-b0c8-124ef0cca5e6}</UniqueIdentifier>
    </Filter>
    <Filter Include="stm32hal_f7\Device\include">
      <UniqueIdentifier>{8743654c-9606-414b-8a1a-34c6f05de53e}</UniqueIdentifier>
    </Filter>
    <Filter Include="stm32hal_f7\Device\startup">
      <UniqueIdentifier>{1578226a-0f9c-40ed-98cf-71fada1b3528}</UniqueIdentifier>
    </Filter>
    <Filter Include="stm32hal_f7\Device\sys">
      <UniqueIdentifier>{fc3addbe-f358-4db5-9dc8-5c230ffa3941}</UniqueIdentifier>
    </Filter>
    <Filter Include="stm32hal_f7\STM32F7xx_HAL_Driver">
      <UniqueIdentifier>{d0fe5791-8a7a-4bdf-a56d-377df51184b9}</UniqueIdentifier>
    </Filter>
    <Filter Include="stm32hal_f7\STM32F7xx_HAL_Driver\Inc">
      <UniqueIdentifier>{9d513dd7-611a-4274-aae7-db2680f10c6f}</UniqueIdentifier>
    </Filter>
    <Filter Include="stm32hal_f7\STM32F7xx_HAL_Driver\Inc\Legacy">
      <UniqueIdentifier>{88dff44d-7428-4dbb-bedb-125318e96ced}</UniqueIdentifier>
    </Filter>
    <Filter Include="stm32hal_f7\STM32F7xx_HAL_Driver\Src">
      <UniqueIdentifier>{41de58a5-8e07-4f15-a0f1-3534c4c06f93}</UniqueIdentifier>
    </Filter>
    <Filter Include="FreeRTOS">
      <UniqueIdentifier>{df98c5d3-d93f-4d19-a1c7-d4f3b3de19e9}</UniqueIdentifier>
    </Filter>
    <Filter Include="FreeRTOS\config">
      <UniqueIdentifier>{4274362b-4b7f-4f8f-b684-2767ed011de5}</UniqueIdentifier>
    </Filter>
    <Filter Include="FreeRTOS\config\stm32">
      <UniqueIdentifier>{a139d417-7020-4baa-9c48-eed39917c3c7}</UniqueIdentifier>
    </Filter>
    <Filter Include="FreeRTOS\include">
      <UniqueIdentifier>{595eaff0-e78a-4a81-b6a6-7baf0e6ebea3}</UniqueIdentifier>
    </Filter>
    <Filter Include="FreeRTOS\portable">
      <UniqueIdentifier>{1ac0dc72-e175-4cdc-8343-1d0a91fa797f}</UniqueIdentifier>
    </Filter>
    <Filter Include="FreeRTOS\portable\Common">
      <UniqueIdentifier>{04c5c4ea-7113-4246-a6f3-6d85226dc1e6}</UniqueIdentifier>
    </Filter>
    <Filter Include="FreeRTOS\portable\GCC">
      <UniqueIdentifier>{ee20d13c-3f32-4812-8071-2e19a1f9bbd8}</UniqueIdentifier>
    </Filter>
    <Filter Include="FreeRTOS\portable\GCC\ARM_CM7">
      <UniqueIdentifier>{f550dd43-6249-4c9d-8cc0-21dc112e01ee}</UniqueIdentifier>
    </Filter>
    <Filter Include="FreeRTOS\portable\GCC\ARM_CM7\r0p1">
      <UniqueIdentifier>{1ee76d60-5d0b-4568-b137-c34aa2023c22}</UniqueIdentifier>
    </Filter>
    <Filter Include="FreeRTOS\portable\MemMang">
      <UniqueIdentifier>{099ec818-0030-4908-84b7-96f9cf9d91bc}</UniqueIdentifier>
    </Filter>
    <Filter Include="Source files\Device-specific files\Semihosting/Profiler">
      <UniqueIdentifier>{e64c46ce-7e98-4aa6-b6a9-90be6c76f683}</UniqueIdentifier>
    </Filter>
    <Filter Include="Header files\Device-specific files\Semihosting/Profiler">
      <UniqueIdentifier>{0fb92549-054f-489d-9207-177fb529c8de}</UniqueIdentifier>
    </Filter>
    <Filter Include="at45db">
      <UniqueIdentifier>{df76468a-a82d-42f1-82c0-ab8b43370c88}</UniqueIdentifier>
    </Filter>
    <Filter Include="reliance-edge">
      <UniqueIdentifier>{1db92b87-d4cf-4630-8d5d-1131cf0ca434}</UniqueIdentifier>
    </Filter>
    <Filter Include="reliance-edge\core">
      <UniqueIdentifier>{0e1e499f-8e1d-41cc-8869-81f90fb4f9be}</UniqueIdentifier>
    </Filter>
    <Filter Include="reliance-edge\core\driver">
      <UniqueIdentifier>{6e29ed5e-2a4c-453d-982c-36b10b5b2394}</UniqueIdentifier>
    </Filter>
    <Filter Include="reliance-edge\core\include">
      <UniqueIdentifier>{334e119b-77a0-49c6-b626-26c7a8713487}</UniqueIdentifier>
    </Filter>
    <Filter Include="reliance-edge\fse">
      <UniqueIdentifier>{a8377302-4fd0-45bd-93a1-d15f81c9c6cc}</UniqueIdentifier>
    </Filter>
    <Filter Include="reliance-edge\include">
      <UniqueIdentifier>{464517cc-9428-43c8-8e13-6acdb853a658}</UniqueIdentifier>
    </Filter>
    <Filter Include="reliance-edge\os">
      <UniqueIdentifier>{ee6cfa23-f9ad-4747-b037-b34e590df3e3}</UniqueIdentifier>
    </Filter>
    <Filter Include="reliance-edge\os\freertos">
      <UniqueIdentifier>{d4f3f825-5f8b-4361-a113-86cd5fb8faa7}</UniqueIdentifier>
    </Filter>
    <Filter Include="reliance-edge\os\freertos\include">
      <UniqueIdentifier>{980add7f-a6bb-4998-9e72-60e76a2ad2ac}</UniqueIdentifier>
    </Filter>
    <Filter Include="reliance-edge\os\freertos\services">
      <UniqueIdentifier>{29ad8706-8edb-455d-9ccb-3ba432ea51cd}</UniqueIdentifier>
    </Filter>
    <Filter Include="reliance-edge\posix">
      <UniqueIdentifier>{32877647-b0e7-4406-9b91-81796c83bfc7}</UniqueIdentifier>
    </Filter>
    <Filter Include="reliance-edge\util">
      <UniqueIdentifier>{fad493b1-9767-4efd-b814-a71a8e0cd4d0}</UniqueIdentifier>
    </Filter>
  </ItemGroup>
  <ItemGroup>
    <None Include="stm32.props">
      <Filter>Source files\Device-specific files</Filter>
    </None>
    <None Include="AeroFC_MemoryDrivers-Debug.vgdbsettings">
      <Filter>VisualGDB settings</Filter>
    </None>
    <None Include="AeroFC_MemoryDrivers-Release.vgdbsettings">
      <Filter>VisualGDB settings</Filter>
    </None>
    <None Include="stm32.xml">
      <Filter>VisualGDB settings</Filter>
    </None>
    <ClCompile Include="$(CHIMERA_ROOT)\Chimera\chimera.cpp">
      <Filter>Chimera</Filter>
    </ClCompile>
    <ClCompile Include="$(CHIMERA_ROOT)\Chimera\logging.cpp">
      <Filter>Chimera</Filter>
    </ClCompile>
    <ClCompile Include="$(CHIMERA_ROOT)\Chimera\threading.cpp">
      <Filter>Chimera</Filter>
    </ClCompile>
    <ClInclude Include="$(CHIMERA_ROOT)\Chimera\assertion.hpp">
      <Filter>Chimera</Filter>
    </ClInclude>
    <ClInclude Include="$(CHIMERA_ROOT)\Chimera\chimera.hpp">
      <Filter>Chimera</Filter>
    </ClInclude>
    <ClInclude Include="$(CHIMERA_ROOT)\Chimera\clock.hpp">
      <Filter>Chimera</Filter>
    </ClInclude>
    <ClInclude Include="$(CHIMERA_ROOT)\Chimera\config.hpp">
      <Filter>Chimera</Filter>
    </ClInclude>
    <ClInclude Include="$(CHIMERA_ROOT)\Chimera\gpio.hpp">
      <Filter>Chimera</Filter>
    </ClInclude>
    <ClInclude Include="$(CHIMERA_ROOT)\Chimera\interface.hpp">
      <Filter>Chimera</Filter>
    </ClInclude>
    <ClInclude Include="$(CHIMERA_ROOT)\Chimera\logging.hpp">
      <Filter>Chimera</Filter>
    </ClInclude>
    <ClInclude Include="$(CHIMERA_ROOT)\Chimera\preprocessor.hpp">
      <Filter>Chimera</Filter>
    </ClInclude>
    <ClInclude Include="$(CHIMERA_ROOT)\Chimera\serial.hpp">
      <Filter>Chimera</Filter>
    </ClInclude>
    <ClInclude Include="$(CHIMERA_ROOT)\Chimera\spi.hpp">
      <Filter>Chimera</Filter>
    </ClInclude>
    <ClInclude Include="$(CHIMERA_ROOT)\Chimera\system.hpp">
      <Filter>Chimera</Filter>
    </ClInclude>
    <ClInclude Include="$(CHIMERA_ROOT)\Chimera\threading.hpp">
      <Filter>Chimera</Filter>
    </ClInclude>
    <ClInclude Include="$(CHIMERA_ROOT)\Chimera\types.hpp">
      <Filter>Chimera</Filter>
    </ClInclude>
    <ClInclude Include="$(CHIMERA_ROOT)\Chimera\utilities.hpp">
      <Filter>Chimera</Filter>
    </ClInclude>
    <ClInclude Include="$(CHIMERA_ROOT)\Chimera\watchdog.hpp">
      <Filter>Chimera</Filter>
    </ClInclude>
    <ClInclude Include="$(CHIMERA_ROOT)\Chimera\modules\memory\flash.hpp">
      <Filter>Chimera\modules\memory</Filter>
    </ClInclude>
    <ClInclude Include="$(THOR_ROOT)\Thor\Thor\include\boostStub.hpp">
      <Filter>Thor\include</Filter>
    </ClInclude>
    <ClInclude Include="$(THOR_ROOT)\Thor\Thor\include\chimeraPort.hpp">
      <Filter>Thor\include</Filter>
    </ClInclude>
    <ClInclude Include="$(THOR_ROOT)\Thor\Thor\include\clock.hpp">
      <Filter>Thor\include</Filter>
    </ClInclude>
    <ClInclude Include="$(THOR_ROOT)\Thor\Thor\include\config.hpp">
      <Filter>Thor\include</Filter>
    </ClInclude>
    <ClInclude Include="$(THOR_ROOT)\Thor\Thor\include\core.hpp">
      <Filter>Thor\include</Filter>
    </ClInclude>
    <ClInclude Include="$(THOR_ROOT)\Thor\Thor\include\defaults.hpp">
      <Filter>Thor\include</Filter>
    </ClInclude>
    <ClInclude Include="$(THOR_ROOT)\Thor\Thor\include\definitions.hpp">
      <Filter>Thor\include</Filter>
    </ClInclude>
    <ClInclude Include="$(THOR_ROOT)\Thor\Thor\include\exceptions.hpp">
      <Filter>Thor\include</Filter>
    </ClInclude>
    <ClInclude Include="$(THOR_ROOT)\Thor\Thor\include\exti.hpp">
      <Filter>Thor\include</Filter>
    </ClInclude>
    <ClInclude Include="$(THOR_ROOT)\Thor\Thor\include\flags.hpp">
      <Filter>Thor\include</Filter>
    </ClInclude>
    <ClInclude Include="$(THOR_ROOT)\Thor\Thor\include\FreeRTOSConfig.h">
      <Filter>Thor\include</Filter>
    </ClInclude>
    <ClInclude Include="$(THOR_ROOT)\Thor\Thor\include\gdb.hpp">
      <Filter>Thor\include</Filter>
    </ClInclude>
    <ClInclude Include="$(THOR_ROOT)\Thor\Thor\include\gpio.hpp">
      <Filter>Thor\include</Filter>
    </ClInclude>
    <ClInclude Include="$(THOR_ROOT)\Thor\Thor\include\headers.hpp">
      <Filter>Thor\include</Filter>
    </ClInclude>
    <ClInclude Include="$(THOR_ROOT)\Thor\Thor\include\i2c.hpp">
      <Filter>Thor\include</Filter>
    </ClInclude>
    <ClInclude Include="$(THOR_ROOT)\Thor\Thor\include\interrupt.hpp">
      <Filter>Thor\include</Filter>
    </ClInclude>
    <ClInclude Include="$(THOR_ROOT)\Thor\Thor\include\macro.hpp">
      <Filter>Thor\include</Filter>
    </ClInclude>
    <ClInclude Include="$(THOR_ROOT)\Thor\Thor\include\mem.hpp">
      <Filter>Thor\include</Filter>
    </ClInclude>
    <ClInclude Include="$(THOR_ROOT)\Thor\Thor\include\nucleo.hpp">
      <Filter>Thor\include</Filter>
    </ClInclude>
    <ClInclude Include="$(THOR_ROOT)\Thor\Thor\include\preprocessor.hpp">
      <Filter>Thor\include</Filter>
    </ClInclude>
    <ClInclude Include="$(THOR_ROOT)\Thor\Thor\include\print.hpp">
      <Filter>Thor\include</Filter>
    </ClInclude>
    <ClInclude Include="$(THOR_ROOT)\Thor\Thor\include\pwm.hpp">
      <Filter>Thor\include</Filter>
    </ClInclude>
    <ClInclude Include="$(THOR_ROOT)\Thor\Thor\include\ringbuffer.hpp">
      <Filter>Thor\include</Filter>
    </ClInclude>
    <ClInclude Include="$(THOR_ROOT)\Thor\Thor\include\rpc.hpp">
      <Filter>Thor\include</Filter>
    </ClInclude>
    <ClInclude Include="$(THOR_ROOT)\Thor\Thor\include\serial.hpp">
      <Filter>Thor\include</Filter>
    </ClInclude>
    <ClInclude Include="$(THOR_ROOT)\Thor\Thor\include\spi.hpp">
      <Filter>Thor\include</Filter>
    </ClInclude>
    <ClInclude Include="$(THOR_ROOT)\Thor\Thor\include\system.hpp">
      <Filter>Thor\include</Filter>
    </ClInclude>
    <ClInclude Include="$(THOR_ROOT)\Thor\Thor\include\thor.hpp">
      <Filter>Thor\include</Filter>
    </ClInclude>
    <ClInclude Include="$(THOR_ROOT)\Thor\Thor\include\threads.hpp">
      <Filter>Thor\include</Filter>
    </ClInclude>
    <ClInclude Include="$(THOR_ROOT)\Thor\Thor\include\timer.hpp">
      <Filter>Thor\include</Filter>
    </ClInclude>
    <ClInclude Include="$(THOR_ROOT)\Thor\Thor\include\types.hpp">
      <Filter>Thor\include</Filter>
    </ClInclude>
    <ClInclude Include="$(THOR_ROOT)\Thor\Thor\include\uart.hpp">
      <Filter>Thor\include</Filter>
    </ClInclude>
    <ClInclude Include="$(THOR_ROOT)\Thor\Thor\include\usart.hpp">
      <Filter>Thor\include</Filter>
    </ClInclude>
    <ClInclude Include="$(THOR_ROOT)\Thor\Thor\include\utilities.hpp">
      <Filter>Thor\include</Filter>
    </ClInclude>
    <ClInclude Include="$(THOR_ROOT)\Thor\Thor\include\watchdog.hpp">
      <Filter>Thor\include</Filter>
    </ClInclude>
    <ClCompile Include="$(THOR_ROOT)\Thor\Thor\source\boostStub.cpp">
      <Filter>Thor\source</Filter>
    </ClCompile>
    <ClCompile Include="$(THOR_ROOT)\Thor\Thor\source\clock.cpp">
      <Filter>Thor\source</Filter>
    </ClCompile>
    <ClCompile Include="$(THOR_ROOT)\Thor\Thor\source\defaults.cpp">
      <Filter>Thor\source</Filter>
    </ClCompile>
    <ClCompile Include="$(THOR_ROOT)\Thor\Thor\source\definitions.cpp">
      <Filter>Thor\source</Filter>
    </ClCompile>
    <ClCompile Include="$(THOR_ROOT)\Thor\Thor\source\exceptions.cpp">
      <Filter>Thor\source</Filter>
    </ClCompile>
    <ClCompile Include="$(THOR_ROOT)\Thor\Thor\source\exti.cpp">
      <Filter>Thor\source</Filter>
    </ClCompile>
    <ClCompile Include="$(THOR_ROOT)\Thor\Thor\source\flags.cpp">
      <Filter>Thor\source</Filter>
    </ClCompile>
    <ClCompile Include="$(THOR_ROOT)\Thor\Thor\source\gdb.cpp">
      <Filter>Thor\source</Filter>
    </ClCompile>
    <ClCompile Include="$(THOR_ROOT)\Thor\Thor\source\gpio.cpp">
      <Filter>Thor\source</Filter>
    </ClCompile>
    <ClCompile Include="$(THOR_ROOT)\Thor\Thor\source\i2c.cpp">
      <Filter>Thor\source</Filter>
    </ClCompile>
    <ClCompile Include="$(THOR_ROOT)\Thor\Thor\source\interrupt.cpp">
      <Filter>Thor\source</Filter>
    </ClCompile>
    <ClCompile Include="$(THOR_ROOT)\Thor\Thor\source\mem.cpp">
      <Filter>Thor\source</Filter>
    </ClCompile>
    <ClCompile Include="$(THOR_ROOT)\Thor\Thor\source\nucleo.cpp">
      <Filter>Thor\source</Filter>
    </ClCompile>
    <ClCompile Include="$(THOR_ROOT)\Thor\Thor\source\print.cpp">
      <Filter>Thor\source</Filter>
    </ClCompile>
    <ClCompile Include="$(THOR_ROOT)\Thor\Thor\source\pwm.cpp">
      <Filter>Thor\source</Filter>
    </ClCompile>
    <ClCompile Include="$(THOR_ROOT)\Thor\Thor\source\ringbuffer.cpp">
      <Filter>Thor\source</Filter>
    </ClCompile>
    <ClCompile Include="$(THOR_ROOT)\Thor\Thor\source\rpc.cpp">
      <Filter>Thor\source</Filter>
    </ClCompile>
    <ClCompile Include="$(THOR_ROOT)\Thor\Thor\source\serial.cpp">
      <Filter>Thor\source</Filter>
    </ClCompile>
    <ClCompile Include="$(THOR_ROOT)\Thor\Thor\source\spi.cpp">
      <Filter>Thor\source</Filter>
    </ClCompile>
    <ClCompile Include="$(THOR_ROOT)\Thor\Thor\source\thor.cpp">
      <Filter>Thor\source</Filter>
    </ClCompile>
    <ClCompile Include="$(THOR_ROOT)\Thor\Thor\source\thor_timer.cpp">
      <Filter>Thor\source</Filter>
    </ClCompile>
    <ClCompile Include="$(THOR_ROOT)\Thor\Thor\source\thor_watchdog.cpp">
      <Filter>Thor\source</Filter>
    </ClCompile>
    <ClCompile Include="$(THOR_ROOT)\Thor\Thor\source\threads.cpp">
      <Filter>Thor\source</Filter>
    </ClCompile>
    <ClCompile Include="$(THOR_ROOT)\Thor\Thor\source\uart.cpp">
      <Filter>Thor\source</Filter>
    </ClCompile>
    <ClCompile Include="$(THOR_ROOT)\Thor\Thor\source\usart.cpp">
      <Filter>Thor\source</Filter>
    </ClCompile>
    <None Include="$(THOR_ROOT)\Thor\lib\stm32hal_f7\CMakeLists.txt">
      <Filter>stm32hal_f7</Filter>
    </None>
    <ClInclude Include="$(THOR_ROOT)\Thor\lib\stm32hal_f7\Device\conf\stm32f7xx_hal_conf.h">
      <Filter>stm32hal_f7\Device\conf</Filter>
    </ClInclude>
    <ClInclude Include="$(THOR_ROOT)\Thor\lib\stm32hal_f7\Device\include\stm32f767xx.h">
      <Filter>stm32hal_f7\Device\include</Filter>
    </ClInclude>
    <ClInclude Include="$(THOR_ROOT)\Thor\lib\stm32hal_f7\Device\include\stm32f7xx.h">
      <Filter>stm32hal_f7\Device\include</Filter>
    </ClInclude>
    <ClInclude Include="$(THOR_ROOT)\Thor\lib\stm32hal_f7\Device\include\system_stm32f7xx.h">
      <Filter>stm32hal_f7\Device\include</Filter>
    </ClInclude>
    <ClCompile Include="$(THOR_ROOT)\Thor\lib\stm32hal_f7\Device\startup\startup_stm32f767xx.c">
      <Filter>stm32hal_f7\Device\startup</Filter>
    </ClCompile>
    <ClCompile Include="$(THOR_ROOT)\Thor\lib\stm32hal_f7\Device\sys\system_stm32f7xx.c">
      <Filter>stm32hal_f7\Device\sys</Filter>
    </ClCompile>
    <ClInclude Include="$(THOR_ROOT)\Thor\lib\stm32hal_f7\STM32F7xx_HAL_Driver\Inc\stm32f7xx_hal.h">
      <Filter>stm32hal_f7\STM32F7xx_HAL_Driver\Inc</Filter>
    </ClInclude>
    <ClInclude Include="$(THOR_ROOT)\Thor\lib\stm32hal_f7\STM32F7xx_HAL_Driver\Inc\stm32f7xx_hal_adc.h">
      <Filter>stm32hal_f7\STM32F7xx_HAL_Driver\Inc</Filter>
    </ClInclude>
    <ClInclude Include="$(THOR_ROOT)\Thor\lib\stm32hal_f7\STM32F7xx_HAL_Driver\Inc\stm32f7xx_hal_adc_ex.h">
      <Filter>stm32hal_f7\STM32F7xx_HAL_Driver\Inc</Filter>
    </ClInclude>
    <ClInclude Include="$(THOR_ROOT)\Thor\lib\stm32hal_f7\STM32F7xx_HAL_Driver\Inc\stm32f7xx_hal_can.h">
      <Filter>stm32hal_f7\STM32F7xx_HAL_Driver\Inc</Filter>
    </ClInclude>
    <ClInclude Include="$(THOR_ROOT)\Thor\lib\stm32hal_f7\STM32F7xx_HAL_Driver\Inc\stm32f7xx_hal_cec.h">
      <Filter>stm32hal_f7\STM32F7xx_HAL_Driver\Inc</Filter>
    </ClInclude>
    <ClInclude Include="$(THOR_ROOT)\Thor\lib\stm32hal_f7\STM32F7xx_HAL_Driver\Inc\stm32f7xx_hal_cortex.h">
      <Filter>stm32hal_f7\STM32F7xx_HAL_Driver\Inc</Filter>
    </ClInclude>
    <ClInclude Include="$(THOR_ROOT)\Thor\lib\stm32hal_f7\STM32F7xx_HAL_Driver\Inc\stm32f7xx_hal_crc.h">
      <Filter>stm32hal_f7\STM32F7xx_HAL_Driver\Inc</Filter>
    </ClInclude>
    <ClInclude Include="$(THOR_ROOT)\Thor\lib\stm32hal_f7\STM32F7xx_HAL_Driver\Inc\stm32f7xx_hal_crc_ex.h">
      <Filter>stm32hal_f7\STM32F7xx_HAL_Driver\Inc</Filter>
    </ClInclude>
    <ClInclude Include="$(THOR_ROOT)\Thor\lib\stm32hal_f7\STM32F7xx_HAL_Driver\Inc\stm32f7xx_hal_cryp.h">
      <Filter>stm32hal_f7\STM32F7xx_HAL_Driver\Inc</Filter>
    </ClInclude>
    <ClInclude Include="$(THOR_ROOT)\Thor\lib\stm32hal_f7\STM32F7xx_HAL_Driver\Inc\stm32f7xx_hal_cryp_ex.h">
      <Filter>stm32hal_f7\STM32F7xx_HAL_Driver\Inc</Filter>
    </ClInclude>
    <ClInclude Include="$(THOR_ROOT)\Thor\lib\stm32hal_f7\STM32F7xx_HAL_Driver\Inc\stm32f7xx_hal_dac.h">
      <Filter>stm32hal_f7\STM32F7xx_HAL_Driver\Inc</Filter>
    </ClInclude>
    <ClInclude Include="$(THOR_ROOT)\Thor\lib\stm32hal_f7\STM32F7xx_HAL_Driver\Inc\stm32f7xx_hal_dac_ex.h">
      <Filter>stm32hal_f7\STM32F7xx_HAL_Driver\Inc</Filter>
    </ClInclude>
    <ClInclude Include="$(THOR_ROOT)\Thor\lib\stm32hal_f7\STM32F7xx_HAL_Driver\Inc\stm32f7xx_hal_dcmi.h">
      <Filter>stm32hal_f7\STM32F7xx_HAL_Driver\Inc</Filter>
    </ClInclude>
    <ClInclude Include="$(THOR_ROOT)\Thor\lib\stm32hal_f7\STM32F7xx_HAL_Driver\Inc\stm32f7xx_hal_dcmi_ex.h">
      <Filter>stm32hal_f7\STM32F7xx_HAL_Driver\Inc</Filter>
    </ClInclude>
    <ClInclude Include="$(THOR_ROOT)\Thor\lib\stm32hal_f7\STM32F7xx_HAL_Driver\Inc\stm32f7xx_hal_def.h">
      <Filter>stm32hal_f7\STM32F7xx_HAL_Driver\Inc</Filter>
    </ClInclude>
    <ClInclude Include="$(THOR_ROOT)\Thor\lib\stm32hal_f7\STM32F7xx_HAL_Driver\Inc\stm32f7xx_hal_dfsdm.h">
      <Filter>stm32hal_f7\STM32F7xx_HAL_Driver\Inc</Filter>
    </ClInclude>
    <ClInclude Include="$(THOR_ROOT)\Thor\lib\stm32hal_f7\STM32F7xx_HAL_Driver\Inc\stm32f7xx_hal_dma.h">
      <Filter>stm32hal_f7\STM32F7xx_HAL_Driver\Inc</Filter>
    </ClInclude>
    <ClInclude Include="$(THOR_ROOT)\Thor\lib\stm32hal_f7\STM32F7xx_HAL_Driver\Inc\stm32f7xx_hal_dma2d.h">
      <Filter>stm32hal_f7\STM32F7xx_HAL_Driver\Inc</Filter>
    </ClInclude>
    <ClInclude Include="$(THOR_ROOT)\Thor\lib\stm32hal_f7\STM32F7xx_HAL_Driver\Inc\stm32f7xx_hal_dma_ex.h">
      <Filter>stm32hal_f7\STM32F7xx_HAL_Driver\Inc</Filter>
    </ClInclude>
    <ClInclude Include="$(THOR_ROOT)\Thor\lib\stm32hal_f7\STM32F7xx_HAL_Driver\Inc\stm32f7xx_hal_dsi.h">
      <Filter>stm32hal_f7\STM32F7xx_HAL_Driver\Inc</Filter>
    </ClInclude>
    <ClInclude Include="$(THOR_ROOT)\Thor\lib\stm32hal_f7\STM32F7xx_HAL_Driver\Inc\stm32f7xx_hal_eth.h">
      <Filter>stm32hal_f7\STM32F7xx_HAL_Driver\Inc</Filter>
    </ClInclude>
    <ClInclude Include="$(THOR_ROOT)\Thor\lib\stm32hal_f7\STM32F7xx_HAL_Driver\Inc\stm32f7xx_hal_flash.h">
      <Filter>stm32hal_f7\STM32F7xx_HAL_Driver\Inc</Filter>
    </ClInclude>
    <ClInclude Include="$(THOR_ROOT)\Thor\lib\stm32hal_f7\STM32F7xx_HAL_Driver\Inc\stm32f7xx_hal_flash_ex.h">
      <Filter>stm32hal_f7\STM32F7xx_HAL_Driver\Inc</Filter>
    </ClInclude>
    <ClInclude Include="$(THOR_ROOT)\Thor\lib\stm32hal_f7\STM32F7xx_HAL_Driver\Inc\stm32f7xx_hal_gpio.h">
      <Filter>stm32hal_f7\STM32F7xx_HAL_Driver\Inc</Filter>
    </ClInclude>
    <ClInclude Include="$(THOR_ROOT)\Thor\lib\stm32hal_f7\STM32F7xx_HAL_Driver\Inc\stm32f7xx_hal_gpio_ex.h">
      <Filter>stm32hal_f7\STM32F7xx_HAL_Driver\Inc</Filter>
    </ClInclude>
    <ClInclude Include="$(THOR_ROOT)\Thor\lib\stm32hal_f7\STM32F7xx_HAL_Driver\Inc\stm32f7xx_hal_hash.h">
      <Filter>stm32hal_f7\STM32F7xx_HAL_Driver\Inc</Filter>
    </ClInclude>
    <ClInclude Include="$(THOR_ROOT)\Thor\lib\stm32hal_f7\STM32F7xx_HAL_Driver\Inc\stm32f7xx_hal_hash_ex.h">
      <Filter>stm32hal_f7\STM32F7xx_HAL_Driver\Inc</Filter>
    </ClInclude>
    <ClInclude Include="$(THOR_ROOT)\Thor\lib\stm32hal_f7\STM32F7xx_HAL_Driver\Inc\stm32f7xx_hal_hcd.h">
      <Filter>stm32hal_f7\STM32F7xx_HAL_Driver\Inc</Filter>
    </ClInclude>
    <ClInclude Include="$(THOR_ROOT)\Thor\lib\stm32hal_f7\STM32F7xx_HAL_Driver\Inc\stm32f7xx_hal_i2c.h">
      <Filter>stm32hal_f7\STM32F7xx_HAL_Driver\Inc</Filter>
    </ClInclude>
    <ClInclude Include="$(THOR_ROOT)\Thor\lib\stm32hal_f7\STM32F7xx_HAL_Driver\Inc\stm32f7xx_hal_i2c_ex.h">
      <Filter>stm32hal_f7\STM32F7xx_HAL_Driver\Inc</Filter>
    </ClInclude>
    <ClInclude Include="$(THOR_ROOT)\Thor\lib\stm32hal_f7\STM32F7xx_HAL_Driver\Inc\stm32f7xx_hal_i2s.h">
      <Filter>stm32hal_f7\STM32F7xx_HAL_Driver\Inc</Filter>
    </ClInclude>
    <ClInclude Include="$(THOR_ROOT)\Thor\lib\stm32hal_f7\STM32F7xx_HAL_Driver\Inc\stm32f7xx_hal_irda.h">
      <Filter>stm32hal_f7\STM32F7xx_HAL_Driver\Inc</Filter>
    </ClInclude>
    <ClInclude Include="$(THOR_ROOT)\Thor\lib\stm32hal_f7\STM32F7xx_HAL_Driver\Inc\stm32f7xx_hal_irda_ex.h">
      <Filter>stm32hal_f7\STM32F7xx_HAL_Driver\Inc</Filter>
    </ClInclude>
    <ClInclude Include="$(THOR_ROOT)\Thor\lib\stm32hal_f7\STM32F7xx_HAL_Driver\Inc\stm32f7xx_hal_iwdg.h">
      <Filter>stm32hal_f7\STM32F7xx_HAL_Driver\Inc</Filter>
    </ClInclude>
    <ClInclude Include="$(THOR_ROOT)\Thor\lib\stm32hal_f7\STM32F7xx_HAL_Driver\Inc\stm32f7xx_hal_jpeg.h">
      <Filter>stm32hal_f7\STM32F7xx_HAL_Driver\Inc</Filter>
    </ClInclude>
    <ClInclude Include="$(THOR_ROOT)\Thor\lib\stm32hal_f7\STM32F7xx_HAL_Driver\Inc\stm32f7xx_hal_lptim.h">
      <Filter>stm32hal_f7\STM32F7xx_HAL_Driver\Inc</Filter>
    </ClInclude>
    <ClInclude Include="$(THOR_ROOT)\Thor\lib\stm32hal_f7\STM32F7xx_HAL_Driver\Inc\stm32f7xx_hal_ltdc.h">
      <Filter>stm32hal_f7\STM32F7xx_HAL_Driver\Inc</Filter>
    </ClInclude>
    <ClInclude Include="$(THOR_ROOT)\Thor\lib\stm32hal_f7\STM32F7xx_HAL_Driver\Inc\stm32f7xx_hal_ltdc_ex.h">
      <Filter>stm32hal_f7\STM32F7xx_HAL_Driver\Inc</Filter>
    </ClInclude>
    <ClInclude Include="$(THOR_ROOT)\Thor\lib\stm32hal_f7\STM32F7xx_HAL_Driver\Inc\stm32f7xx_hal_mdios.h">
      <Filter>stm32hal_f7\STM32F7xx_HAL_Driver\Inc</Filter>
    </ClInclude>
    <ClInclude Include="$(THOR_ROOT)\Thor\lib\stm32hal_f7\STM32F7xx_HAL_Driver\Inc\stm32f7xx_hal_mmc.h">
      <Filter>stm32hal_f7\STM32F7xx_HAL_Driver\Inc</Filter>
    </ClInclude>
    <ClInclude Include="$(THOR_ROOT)\Thor\lib\stm32hal_f7\STM32F7xx_HAL_Driver\Inc\stm32f7xx_hal_nand.h">
      <Filter>stm32hal_f7\STM32F7xx_HAL_Driver\Inc</Filter>
    </ClInclude>
    <ClInclude Include="$(THOR_ROOT)\Thor\lib\stm32hal_f7\STM32F7xx_HAL_Driver\Inc\stm32f7xx_hal_nor.h">
      <Filter>stm32hal_f7\STM32F7xx_HAL_Driver\Inc</Filter>
    </ClInclude>
    <ClInclude Include="$(THOR_ROOT)\Thor\lib\stm32hal_f7\STM32F7xx_HAL_Driver\Inc\stm32f7xx_hal_pcd.h">
      <Filter>stm32hal_f7\STM32F7xx_HAL_Driver\Inc</Filter>
    </ClInclude>
    <ClInclude Include="$(THOR_ROOT)\Thor\lib\stm32hal_f7\STM32F7xx_HAL_Driver\Inc\stm32f7xx_hal_pcd_ex.h">
      <Filter>stm32hal_f7\STM32F7xx_HAL_Driver\Inc</Filter>
    </ClInclude>
    <ClInclude Include="$(THOR_ROOT)\Thor\lib\stm32hal_f7\STM32F7xx_HAL_Driver\Inc\stm32f7xx_hal_pwr.h">
      <Filter>stm32hal_f7\STM32F7xx_HAL_Driver\Inc</Filter>
    </ClInclude>
    <ClInclude Include="$(THOR_ROOT)\Thor\lib\stm32hal_f7\STM32F7xx_HAL_Driver\Inc\stm32f7xx_hal_pwr_ex.h">
      <Filter>stm32hal_f7\STM32F7xx_HAL_Driver\Inc</Filter>
    </ClInclude>
    <ClInclude Include="$(THOR_ROOT)\Thor\lib\stm32hal_f7\STM32F7xx_HAL_Driver\Inc\stm32f7xx_hal_qspi.h">
      <Filter>stm32hal_f7\STM32F7xx_HAL_Driver\Inc</Filter>
    </ClInclude>
    <ClInclude Include="$(THOR_ROOT)\Thor\lib\stm32hal_f7\STM32F7xx_HAL_Driver\Inc\stm32f7xx_hal_rcc.h">
      <Filter>stm32hal_f7\STM32F7xx_HAL_Driver\Inc</Filter>
    </ClInclude>
    <ClInclude Include="$(THOR_ROOT)\Thor\lib\stm32hal_f7\STM32F7xx_HAL_Driver\Inc\stm32f7xx_hal_rcc_ex.h">
      <Filter>stm32hal_f7\STM32F7xx_HAL_Driver\Inc</Filter>
    </ClInclude>
    <ClInclude Include="$(THOR_ROOT)\Thor\lib\stm32hal_f7\STM32F7xx_HAL_Driver\Inc\stm32f7xx_hal_rng.h">
      <Filter>stm32hal_f7\STM32F7xx_HAL_Driver\Inc</Filter>
    </ClInclude>
    <ClInclude Include="$(THOR_ROOT)\Thor\lib\stm32hal_f7\STM32F7xx_HAL_Driver\Inc\stm32f7xx_hal_rtc.h">
      <Filter>stm32hal_f7\STM32F7xx_HAL_Driver\Inc</Filter>
    </ClInclude>
    <ClInclude Include="$(THOR_ROOT)\Thor\lib\stm32hal_f7\STM32F7xx_HAL_Driver\Inc\stm32f7xx_hal_rtc_ex.h">
      <Filter>stm32hal_f7\STM32F7xx_HAL_Driver\Inc</Filter>
    </ClInclude>
    <ClInclude Include="$(THOR_ROOT)\Thor\lib\stm32hal_f7\STM32F7xx_HAL_Driver\Inc\stm32f7xx_hal_sai.h">
      <Filter>stm32hal_f7\STM32F7xx_HAL_Driver\Inc</Filter>
    </ClInclude>
    <ClInclude Include="$(THOR_ROOT)\Thor\lib\stm32hal_f7\STM32F7xx_HAL_Driver\Inc\stm32f7xx_hal_sai_ex.h">
      <Filter>stm32hal_f7\STM32F7xx_HAL_Driver\Inc</Filter>
    </ClInclude>
    <ClInclude Include="$(THOR_ROOT)\Thor\lib\stm32hal_f7\STM32F7xx_HAL_Driver\Inc\stm32f7xx_hal_sd.h">
      <Filter>stm32hal_f7\STM32F7xx_HAL_Driver\Inc</Filter>
    </ClInclude>
    <ClInclude Include="$(THOR_ROOT)\Thor\lib\stm32hal_f7\STM32F7xx_HAL_Driver\Inc\stm32f7xx_hal_sdram.h">
      <Filter>stm32hal_f7\STM32F7xx_HAL_Driver\Inc</Filter>
    </ClInclude>
    <ClInclude Include="$(THOR_ROOT)\Thor\lib\stm32hal_f7\STM32F7xx_HAL_Driver\Inc\stm32f7xx_hal_smartcard.h">
      <Filter>stm32hal_f7\STM32F7xx_HAL_Driver\Inc</Filter>
    </ClInclude>
    <ClInclude Include="$(THOR_ROOT)\Thor\lib\stm32hal_f7\STM32F7xx_HAL_Driver\Inc\stm32f7xx_hal_smartcard_ex.h">
      <Filter>stm32hal_f7\STM32F7xx_HAL_Driver\Inc</Filter>
    </ClInclude>
    <ClInclude Include="$(THOR_ROOT)\Thor\lib\stm32hal_f7\STM32F7xx_HAL_Driver\Inc\stm32f7xx_hal_smbus.h">
      <Filter>stm32hal_f7\STM32F7xx_HAL_Driver\Inc</Filter>
    </ClInclude>
    <ClInclude Include="$(THOR_ROOT)\Thor\lib\stm32hal_f7\STM32F7xx_HAL_Driver\Inc\stm32f7xx_hal_spdifrx.h">
      <Filter>stm32hal_f7\STM32F7xx_HAL_Driver\Inc</Filter>
    </ClInclude>
    <ClInclude Include="$(THOR_ROOT)\Thor\lib\stm32hal_f7\STM32F7xx_HAL_Driver\Inc\stm32f7xx_hal_spi.h">
      <Filter>stm32hal_f7\STM32F7xx_HAL_Driver\Inc</Filter>
    </ClInclude>
    <ClInclude Include="$(THOR_ROOT)\Thor\lib\stm32hal_f7\STM32F7xx_HAL_Driver\Inc\stm32f7xx_hal_sram.h">
      <Filter>stm32hal_f7\STM32F7xx_HAL_Driver\Inc</Filter>
    </ClInclude>
    <ClInclude Include="$(THOR_ROOT)\Thor\lib\stm32hal_f7\STM32F7xx_HAL_Driver\Inc\stm32f7xx_hal_tim.h">
      <Filter>stm32hal_f7\STM32F7xx_HAL_Driver\Inc</Filter>
    </ClInclude>
    <ClInclude Include="$(THOR_ROOT)\Thor\lib\stm32hal_f7\STM32F7xx_HAL_Driver\Inc\stm32f7xx_hal_tim_ex.h">
      <Filter>stm32hal_f7\STM32F7xx_HAL_Driver\Inc</Filter>
    </ClInclude>
    <ClInclude Include="$(THOR_ROOT)\Thor\lib\stm32hal_f7\STM32F7xx_HAL_Driver\Inc\stm32f7xx_hal_uart.h">
      <Filter>stm32hal_f7\STM32F7xx_HAL_Driver\Inc</Filter>
    </ClInclude>
    <ClInclude Include="$(THOR_ROOT)\Thor\lib\stm32hal_f7\STM32F7xx_HAL_Driver\Inc\stm32f7xx_hal_uart_ex.h">
      <Filter>stm32hal_f7\STM32F7xx_HAL_Driver\Inc</Filter>
    </ClInclude>
    <ClInclude Include="$(THOR_ROOT)\Thor\lib\stm32hal_f7\STM32F7xx_HAL_Driver\Inc\stm32f7xx_hal_usart.h">
      <Filter>stm32hal_f7\STM32F7xx_HAL_Driver\Inc</Filter>
    </ClInclude>
    <ClInclude Include="$(THOR_ROOT)\Thor\lib\stm32hal_f7\STM32F7xx_HAL_Driver\Inc\stm32f7xx_hal_usart_ex.h">
      <Filter>stm32hal_f7\STM32F7xx_HAL_Driver\Inc</Filter>
    </ClInclude>
    <ClInclude Include="$(THOR_ROOT)\Thor\lib\stm32hal_f7\STM32F7xx_HAL_Driver\Inc\stm32f7xx_hal_wwdg.h">
      <Filter>stm32hal_f7\STM32F7xx_HAL_Driver\Inc</Filter>
    </ClInclude>
    <ClInclude Include="$(THOR_ROOT)\Thor\lib\stm32hal_f7\STM32F7xx_HAL_Driver\Inc\stm32f7xx_ll_adc.h">
      <Filter>stm32hal_f7\STM32F7xx_HAL_Driver\Inc</Filter>
    </ClInclude>
    <ClInclude Include="$(THOR_ROOT)\Thor\lib\stm32hal_f7\STM32F7xx_HAL_Driver\Inc\stm32f7xx_ll_bus.h">
      <Filter>stm32hal_f7\STM32F7xx_HAL_Driver\Inc</Filter>
    </ClInclude>
    <ClInclude Include="$(THOR_ROOT)\Thor\lib\stm32hal_f7\STM32F7xx_HAL_Driver\Inc\stm32f7xx_ll_cortex.h">
      <Filter>stm32hal_f7\STM32F7xx_HAL_Driver\Inc</Filter>
    </ClInclude>
    <ClInclude Include="$(THOR_ROOT)\Thor\lib\stm32hal_f7\STM32F7xx_HAL_Driver\Inc\stm32f7xx_ll_crc.h">
      <Filter>stm32hal_f7\STM32F7xx_HAL_Driver\Inc</Filter>
    </ClInclude>
    <ClInclude Include="$(THOR_ROOT)\Thor\lib\stm32hal_f7\STM32F7xx_HAL_Driver\Inc\stm32f7xx_ll_dac.h">
      <Filter>stm32hal_f7\STM32F7xx_HAL_Driver\Inc</Filter>
    </ClInclude>
    <ClInclude Include="$(THOR_ROOT)\Thor\lib\stm32hal_f7\STM32F7xx_HAL_Driver\Inc\stm32f7xx_ll_dma.h">
      <Filter>stm32hal_f7\STM32F7xx_HAL_Driver\Inc</Filter>
    </ClInclude>
    <ClInclude Include="$(THOR_ROOT)\Thor\lib\stm32hal_f7\STM32F7xx_HAL_Driver\Inc\stm32f7xx_ll_dma2d.h">
      <Filter>stm32hal_f7\STM32F7xx_HAL_Driver\Inc</Filter>
    </ClInclude>
    <ClInclude Include="$(THOR_ROOT)\Thor\lib\stm32hal_f7\STM32F7xx_HAL_Driver\Inc\stm32f7xx_ll_exti.h">
      <Filter>stm32hal_f7\STM32F7xx_HAL_Driver\Inc</Filter>
    </ClInclude>
    <ClInclude Include="$(THOR_ROOT)\Thor\lib\stm32hal_f7\STM32F7xx_HAL_Driver\Inc\stm32f7xx_ll_fmc.h">
      <Filter>stm32hal_f7\STM32F7xx_HAL_Driver\Inc</Filter>
    </ClInclude>
    <ClInclude Include="$(THOR_ROOT)\Thor\lib\stm32hal_f7\STM32F7xx_HAL_Driver\Inc\stm32f7xx_ll_gpio.h">
      <Filter>stm32hal_f7\STM32F7xx_HAL_Driver\Inc</Filter>
    </ClInclude>
    <ClInclude Include="$(THOR_ROOT)\Thor\lib\stm32hal_f7\STM32F7xx_HAL_Driver\Inc\stm32f7xx_ll_i2c.h">
      <Filter>stm32hal_f7\STM32F7xx_HAL_Driver\Inc</Filter>
    </ClInclude>
    <ClInclude Include="$(THOR_ROOT)\Thor\lib\stm32hal_f7\STM32F7xx_HAL_Driver\Inc\stm32f7xx_ll_iwdg.h">
      <Filter>stm32hal_f7\STM32F7xx_HAL_Driver\Inc</Filter>
    </ClInclude>
    <ClInclude Include="$(THOR_ROOT)\Thor\lib\stm32hal_f7\STM32F7xx_HAL_Driver\Inc\stm32f7xx_ll_lptim.h">
      <Filter>stm32hal_f7\STM32F7xx_HAL_Driver\Inc</Filter>
    </ClInclude>
    <ClInclude Include="$(THOR_ROOT)\Thor\lib\stm32hal_f7\STM32F7xx_HAL_Driver\Inc\stm32f7xx_ll_pwr.h">
      <Filter>stm32hal_f7\STM32F7xx_HAL_Driver\Inc</Filter>
    </ClInclude>
    <ClInclude Include="$(THOR_ROOT)\Thor\lib\stm32hal_f7\STM32F7xx_HAL_Driver\Inc\stm32f7xx_ll_rcc.h">
      <Filter>stm32hal_f7\STM32F7xx_HAL_Driver\Inc</Filter>
    </ClInclude>
    <ClInclude Include="$(THOR_ROOT)\Thor\lib\stm32hal_f7\STM32F7xx_HAL_Driver\Inc\stm32f7xx_ll_rng.h">
      <Filter>stm32hal_f7\STM32F7xx_HAL_Driver\Inc</Filter>
    </ClInclude>
    <ClInclude Include="$(THOR_ROOT)\Thor\lib\stm32hal_f7\STM32F7xx_HAL_Driver\Inc\stm32f7xx_ll_rtc.h">
      <Filter>stm32hal_f7\STM32F7xx_HAL_Driver\Inc</Filter>
    </ClInclude>
    <ClInclude Include="$(THOR_ROOT)\Thor\lib\stm32hal_f7\STM32F7xx_HAL_Driver\Inc\stm32f7xx_ll_sdmmc.h">
      <Filter>stm32hal_f7\STM32F7xx_HAL_Driver\Inc</Filter>
    </ClInclude>
    <ClInclude Include="$(THOR_ROOT)\Thor\lib\stm32hal_f7\STM32F7xx_HAL_Driver\Inc\stm32f7xx_ll_spi.h">
      <Filter>stm32hal_f7\STM32F7xx_HAL_Driver\Inc</Filter>
    </ClInclude>
    <ClInclude Include="$(THOR_ROOT)\Thor\lib\stm32hal_f7\STM32F7xx_HAL_Driver\Inc\stm32f7xx_ll_system.h">
      <Filter>stm32hal_f7\STM32F7xx_HAL_Driver\Inc</Filter>
    </ClInclude>
    <ClInclude Include="$(THOR_ROOT)\Thor\lib\stm32hal_f7\STM32F7xx_HAL_Driver\Inc\stm32f7xx_ll_tim.h">
      <Filter>stm32hal_f7\STM32F7xx_HAL_Driver\Inc</Filter>
    </ClInclude>
    <ClInclude Include="$(THOR_ROOT)\Thor\lib\stm32hal_f7\STM32F7xx_HAL_Driver\Inc\stm32f7xx_ll_usart.h">
      <Filter>stm32hal_f7\STM32F7xx_HAL_Driver\Inc</Filter>
    </ClInclude>
    <ClInclude Include="$(THOR_ROOT)\Thor\lib\stm32hal_f7\STM32F7xx_HAL_Driver\Inc\stm32f7xx_ll_usb.h">
      <Filter>stm32hal_f7\STM32F7xx_HAL_Driver\Inc</Filter>
    </ClInclude>
    <ClInclude Include="$(THOR_ROOT)\Thor\lib\stm32hal_f7\STM32F7xx_HAL_Driver\Inc\stm32f7xx_ll_utils.h">
      <Filter>stm32hal_f7\STM32F7xx_HAL_Driver\Inc</Filter>
    </ClInclude>
    <ClInclude Include="$(THOR_ROOT)\Thor\lib\stm32hal_f7\STM32F7xx_HAL_Driver\Inc\stm32f7xx_ll_wwdg.h">
      <Filter>stm32hal_f7\STM32F7xx_HAL_Driver\Inc</Filter>
    </ClInclude>
    <ClInclude Include="$(THOR_ROOT)\Thor\lib\stm32hal_f7\STM32F7xx_HAL_Driver\Inc\Legacy\stm32f7xx_hal_can_legacy.h">
      <Filter>stm32hal_f7\STM32F7xx_HAL_Driver\Inc\Legacy</Filter>
    </ClInclude>
    <ClInclude Include="$(THOR_ROOT)\Thor\lib\stm32hal_f7\STM32F7xx_HAL_Driver\Inc\Legacy\stm32_hal_legacy.h">
      <Filter>stm32hal_f7\STM32F7xx_HAL_Driver\Inc\Legacy</Filter>
    </ClInclude>
    <ClCompile Include="$(THOR_ROOT)\Thor\lib\stm32hal_f7\STM32F7xx_HAL_Driver\Src\stm32f7xx_hal.c">
      <Filter>stm32hal_f7\STM32F7xx_HAL_Driver\Src</Filter>
    </ClCompile>
    <ClCompile Include="$(THOR_ROOT)\Thor\lib\stm32hal_f7\STM32F7xx_HAL_Driver\Src\stm32f7xx_hal_adc.c">
      <Filter>stm32hal_f7\STM32F7xx_HAL_Driver\Src</Filter>
    </ClCompile>
    <ClCompile Include="$(THOR_ROOT)\Thor\lib\stm32hal_f7\STM32F7xx_HAL_Driver\Src\stm32f7xx_hal_adc_ex.c">
      <Filter>stm32hal_f7\STM32F7xx_HAL_Driver\Src</Filter>
    </ClCompile>
    <ClCompile Include="$(THOR_ROOT)\Thor\lib\stm32hal_f7\STM32F7xx_HAL_Driver\Src\stm32f7xx_hal_can.c">
      <Filter>stm32hal_f7\STM32F7xx_HAL_Driver\Src</Filter>
    </ClCompile>
    <ClCompile Include="$(THOR_ROOT)\Thor\lib\stm32hal_f7\STM32F7xx_HAL_Driver\Src\stm32f7xx_hal_cec.c">
      <Filter>stm32hal_f7\STM32F7xx_HAL_Driver\Src</Filter>
    </ClCompile>
    <ClCompile Include="$(THOR_ROOT)\Thor\lib\stm32hal_f7\STM32F7xx_HAL_Driver\Src\stm32f7xx_hal_cortex.c">
      <Filter>stm32hal_f7\STM32F7xx_HAL_Driver\Src</Filter>
    </ClCompile>
    <ClCompile Include="$(THOR_ROOT)\Thor\lib\stm32hal_f7\STM32F7xx_HAL_Driver\Src\stm32f7xx_hal_crc.c">
      <Filter>stm32hal_f7\STM32F7xx_HAL_Driver\Src</Filter>
    </ClCompile>
    <ClCompile Include="$(THOR_ROOT)\Thor\lib\stm32hal_f7\STM32F7xx_HAL_Driver\Src\stm32f7xx_hal_crc_ex.c">
      <Filter>stm32hal_f7\STM32F7xx_HAL_Driver\Src</Filter>
    </ClCompile>
    <ClCompile Include="$(THOR_ROOT)\Thor\lib\stm32hal_f7\STM32F7xx_HAL_Driver\Src\stm32f7xx_hal_cryp.c">
      <Filter>stm32hal_f7\STM32F7xx_HAL_Driver\Src</Filter>
    </ClCompile>
    <ClCompile Include="$(THOR_ROOT)\Thor\lib\stm32hal_f7\STM32F7xx_HAL_Driver\Src\stm32f7xx_hal_cryp_ex.c">
      <Filter>stm32hal_f7\STM32F7xx_HAL_Driver\Src</Filter>
    </ClCompile>
    <ClCompile Include="$(THOR_ROOT)\Thor\lib\stm32hal_f7\STM32F7xx_HAL_Driver\Src\stm32f7xx_hal_dac.c">
      <Filter>stm32hal_f7\STM32F7xx_HAL_Driver\Src</Filter>
    </ClCompile>
    <ClCompile Include="$(THOR_ROOT)\Thor\lib\stm32hal_f7\STM32F7xx_HAL_Driver\Src\stm32f7xx_hal_dac_ex.c">
      <Filter>stm32hal_f7\STM32F7xx_HAL_Driver\Src</Filter>
    </ClCompile>
    <ClCompile Include="$(THOR_ROOT)\Thor\lib\stm32hal_f7\STM32F7xx_HAL_Driver\Src\stm32f7xx_hal_dcmi.c">
      <Filter>stm32hal_f7\STM32F7xx_HAL_Driver\Src</Filter>
    </ClCompile>
    <ClCompile Include="$(THOR_ROOT)\Thor\lib\stm32hal_f7\STM32F7xx_HAL_Driver\Src\stm32f7xx_hal_dcmi_ex.c">
      <Filter>stm32hal_f7\STM32F7xx_HAL_Driver\Src</Filter>
    </ClCompile>
    <ClCompile Include="$(THOR_ROOT)\Thor\lib\stm32hal_f7\STM32F7xx_HAL_Driver\Src\stm32f7xx_hal_dfsdm.c">
      <Filter>stm32hal_f7\STM32F7xx_HAL_Driver\Src</Filter>
    </ClCompile>
    <ClCompile Include="$(THOR_ROOT)\Thor\lib\stm32hal_f7\STM32F7xx_HAL_Driver\Src\stm32f7xx_hal_dma.c">
      <Filter>stm32hal_f7\STM32F7xx_HAL_Driver\Src</Filter>
    </ClCompile>
    <ClCompile Include="$(THOR_ROOT)\Thor\lib\stm32hal_f7\STM32F7xx_HAL_Driver\Src\stm32f7xx_hal_dma2d.c">
      <Filter>stm32hal_f7\STM32F7xx_HAL_Driver\Src</Filter>
    </ClCompile>
    <ClCompile Include="$(THOR_ROOT)\Thor\lib\stm32hal_f7\STM32F7xx_HAL_Driver\Src\stm32f7xx_hal_dma_ex.c">
      <Filter>stm32hal_f7\STM32F7xx_HAL_Driver\Src</Filter>
    </ClCompile>
    <ClCompile Include="$(THOR_ROOT)\Thor\lib\stm32hal_f7\STM32F7xx_HAL_Driver\Src\stm32f7xx_hal_dsi.c">
      <Filter>stm32hal_f7\STM32F7xx_HAL_Driver\Src</Filter>
    </ClCompile>
    <ClCompile Include="$(THOR_ROOT)\Thor\lib\stm32hal_f7\STM32F7xx_HAL_Driver\Src\stm32f7xx_hal_eth.c">
      <Filter>stm32hal_f7\STM32F7xx_HAL_Driver\Src</Filter>
    </ClCompile>
    <ClCompile Include="$(THOR_ROOT)\Thor\lib\stm32hal_f7\STM32F7xx_HAL_Driver\Src\stm32f7xx_hal_flash.c">
      <Filter>stm32hal_f7\STM32F7xx_HAL_Driver\Src</Filter>
    </ClCompile>
    <ClCompile Include="$(THOR_ROOT)\Thor\lib\stm32hal_f7\STM32F7xx_HAL_Driver\Src\stm32f7xx_hal_flash_ex.c">
      <Filter>stm32hal_f7\STM32F7xx_HAL_Driver\Src</Filter>
    </ClCompile>
    <ClCompile Include="$(THOR_ROOT)\Thor\lib\stm32hal_f7\STM32F7xx_HAL_Driver\Src\stm32f7xx_hal_gpio.c">
      <Filter>stm32hal_f7\STM32F7xx_HAL_Driver\Src</Filter>
    </ClCompile>
    <ClCompile Include="$(THOR_ROOT)\Thor\lib\stm32hal_f7\STM32F7xx_HAL_Driver\Src\stm32f7xx_hal_hash.c">
      <Filter>stm32hal_f7\STM32F7xx_HAL_Driver\Src</Filter>
    </ClCompile>
    <ClCompile Include="$(THOR_ROOT)\Thor\lib\stm32hal_f7\STM32F7xx_HAL_Driver\Src\stm32f7xx_hal_hash_ex.c">
      <Filter>stm32hal_f7\STM32F7xx_HAL_Driver\Src</Filter>
    </ClCompile>
    <ClCompile Include="$(THOR_ROOT)\Thor\lib\stm32hal_f7\STM32F7xx_HAL_Driver\Src\stm32f7xx_hal_hcd.c">
      <Filter>stm32hal_f7\STM32F7xx_HAL_Driver\Src</Filter>
    </ClCompile>
    <ClCompile Include="$(THOR_ROOT)\Thor\lib\stm32hal_f7\STM32F7xx_HAL_Driver\Src\stm32f7xx_hal_i2c.c">
      <Filter>stm32hal_f7\STM32F7xx_HAL_Driver\Src</Filter>
    </ClCompile>
    <ClCompile Include="$(THOR_ROOT)\Thor\lib\stm32hal_f7\STM32F7xx_HAL_Driver\Src\stm32f7xx_hal_i2c_ex.c">
      <Filter>stm32hal_f7\STM32F7xx_HAL_Driver\Src</Filter>
    </ClCompile>
    <ClCompile Include="$(THOR_ROOT)\Thor\lib\stm32hal_f7\STM32F7xx_HAL_Driver\Src\stm32f7xx_hal_i2s.c">
      <Filter>stm32hal_f7\STM32F7xx_HAL_Driver\Src</Filter>
    </ClCompile>
    <ClCompile Include="$(THOR_ROOT)\Thor\lib\stm32hal_f7\STM32F7xx_HAL_Driver\Src\stm32f7xx_hal_irda.c">
      <Filter>stm32hal_f7\STM32F7xx_HAL_Driver\Src</Filter>
    </ClCompile>
    <ClCompile Include="$(THOR_ROOT)\Thor\lib\stm32hal_f7\STM32F7xx_HAL_Driver\Src\stm32f7xx_hal_iwdg.c">
      <Filter>stm32hal_f7\STM32F7xx_HAL_Driver\Src</Filter>
    </ClCompile>
    <ClCompile Include="$(THOR_ROOT)\Thor\lib\stm32hal_f7\STM32F7xx_HAL_Driver\Src\stm32f7xx_hal_jpeg.c">
      <Filter>stm32hal_f7\STM32F7xx_HAL_Driver\Src</Filter>
    </ClCompile>
    <ClCompile Include="$(THOR_ROOT)\Thor\lib\stm32hal_f7\STM32F7xx_HAL_Driver\Src\stm32f7xx_hal_lptim.c">
      <Filter>stm32hal_f7\STM32F7xx_HAL_Driver\Src</Filter>
    </ClCompile>
    <ClCompile Include="$(THOR_ROOT)\Thor\lib\stm32hal_f7\STM32F7xx_HAL_Driver\Src\stm32f7xx_hal_ltdc.c">
      <Filter>stm32hal_f7\STM32F7xx_HAL_Driver\Src</Filter>
    </ClCompile>
    <ClCompile Include="$(THOR_ROOT)\Thor\lib\stm32hal_f7\STM32F7xx_HAL_Driver\Src\stm32f7xx_hal_ltdc_ex.c">
      <Filter>stm32hal_f7\STM32F7xx_HAL_Driver\Src</Filter>
    </ClCompile>
    <ClCompile Include="$(THOR_ROOT)\Thor\lib\stm32hal_f7\STM32F7xx_HAL_Driver\Src\stm32f7xx_hal_mdios.c">
      <Filter>stm32hal_f7\STM32F7xx_HAL_Driver\Src</Filter>
    </ClCompile>
    <ClCompile Include="$(THOR_ROOT)\Thor\lib\stm32hal_f7\STM32F7xx_HAL_Driver\Src\stm32f7xx_hal_mmc.c">
      <Filter>stm32hal_f7\STM32F7xx_HAL_Driver\Src</Filter>
    </ClCompile>
    <ClCompile Include="$(THOR_ROOT)\Thor\lib\stm32hal_f7\STM32F7xx_HAL_Driver\Src\stm32f7xx_hal_nand.c">
      <Filter>stm32hal_f7\STM32F7xx_HAL_Driver\Src</Filter>
    </ClCompile>
    <ClCompile Include="$(THOR_ROOT)\Thor\lib\stm32hal_f7\STM32F7xx_HAL_Driver\Src\stm32f7xx_hal_nor.c">
      <Filter>stm32hal_f7\STM32F7xx_HAL_Driver\Src</Filter>
    </ClCompile>
    <ClCompile Include="$(THOR_ROOT)\Thor\lib\stm32hal_f7\STM32F7xx_HAL_Driver\Src\stm32f7xx_hal_pcd.c">
      <Filter>stm32hal_f7\STM32F7xx_HAL_Driver\Src</Filter>
    </ClCompile>
    <ClCompile Include="$(THOR_ROOT)\Thor\lib\stm32hal_f7\STM32F7xx_HAL_Driver\Src\stm32f7xx_hal_pcd_ex.c">
      <Filter>stm32hal_f7\STM32F7xx_HAL_Driver\Src</Filter>
    </ClCompile>
    <ClCompile Include="$(THOR_ROOT)\Thor\lib\stm32hal_f7\STM32F7xx_HAL_Driver\Src\stm32f7xx_hal_pwr.c">
      <Filter>stm32hal_f7\STM32F7xx_HAL_Driver\Src</Filter>
    </ClCompile>
    <ClCompile Include="$(THOR_ROOT)\Thor\lib\stm32hal_f7\STM32F7xx_HAL_Driver\Src\stm32f7xx_hal_pwr_ex.c">
      <Filter>stm32hal_f7\STM32F7xx_HAL_Driver\Src</Filter>
    </ClCompile>
    <ClCompile Include="$(THOR_ROOT)\Thor\lib\stm32hal_f7\STM32F7xx_HAL_Driver\Src\stm32f7xx_hal_qspi.c">
      <Filter>stm32hal_f7\STM32F7xx_HAL_Driver\Src</Filter>
    </ClCompile>
    <ClCompile Include="$(THOR_ROOT)\Thor\lib\stm32hal_f7\STM32F7xx_HAL_Driver\Src\stm32f7xx_hal_rcc.c">
      <Filter>stm32hal_f7\STM32F7xx_HAL_Driver\Src</Filter>
    </ClCompile>
    <ClCompile Include="$(THOR_ROOT)\Thor\lib\stm32hal_f7\STM32F7xx_HAL_Driver\Src\stm32f7xx_hal_rcc_ex.c">
      <Filter>stm32hal_f7\STM32F7xx_HAL_Driver\Src</Filter>
    </ClCompile>
    <ClCompile Include="$(THOR_ROOT)\Thor\lib\stm32hal_f7\STM32F7xx_HAL_Driver\Src\stm32f7xx_hal_rng.c">
      <Filter>stm32hal_f7\STM32F7xx_HAL_Driver\Src</Filter>
    </ClCompile>
    <ClCompile Include="$(THOR_ROOT)\Thor\lib\stm32hal_f7\STM32F7xx_HAL_Driver\Src\stm32f7xx_hal_rtc.c">
      <Filter>stm32hal_f7\STM32F7xx_HAL_Driver\Src</Filter>
    </ClCompile>
    <ClCompile Include="$(THOR_ROOT)\Thor\lib\stm32hal_f7\STM32F7xx_HAL_Driver\Src\stm32f7xx_hal_rtc_ex.c">
      <Filter>stm32hal_f7\STM32F7xx_HAL_Driver\Src</Filter>
    </ClCompile>
    <ClCompile Include="$(THOR_ROOT)\Thor\lib\stm32hal_f7\STM32F7xx_HAL_Driver\Src\stm32f7xx_hal_sai.c">
      <Filter>stm32hal_f7\STM32F7xx_HAL_Driver\Src</Filter>
    </ClCompile>
    <ClCompile Include="$(THOR_ROOT)\Thor\lib\stm32hal_f7\STM32F7xx_HAL_Driver\Src\stm32f7xx_hal_sai_ex.c">
      <Filter>stm32hal_f7\STM32F7xx_HAL_Driver\Src</Filter>
    </ClCompile>
    <ClCompile Include="$(THOR_ROOT)\Thor\lib\stm32hal_f7\STM32F7xx_HAL_Driver\Src\stm32f7xx_hal_sd.c">
      <Filter>stm32hal_f7\STM32F7xx_HAL_Driver\Src</Filter>
    </ClCompile>
    <ClCompile Include="$(THOR_ROOT)\Thor\lib\stm32hal_f7\STM32F7xx_HAL_Driver\Src\stm32f7xx_hal_sdram.c">
      <Filter>stm32hal_f7\STM32F7xx_HAL_Driver\Src</Filter>
    </ClCompile>
    <ClCompile Include="$(THOR_ROOT)\Thor\lib\stm32hal_f7\STM32F7xx_HAL_Driver\Src\stm32f7xx_hal_smartcard.c">
      <Filter>stm32hal_f7\STM32F7xx_HAL_Driver\Src</Filter>
    </ClCompile>
    <ClCompile Include="$(THOR_ROOT)\Thor\lib\stm32hal_f7\STM32F7xx_HAL_Driver\Src\stm32f7xx_hal_smartcard_ex.c">
      <Filter>stm32hal_f7\STM32F7xx_HAL_Driver\Src</Filter>
    </ClCompile>
    <ClCompile Include="$(THOR_ROOT)\Thor\lib\stm32hal_f7\STM32F7xx_HAL_Driver\Src\stm32f7xx_hal_smbus.c">
      <Filter>stm32hal_f7\STM32F7xx_HAL_Driver\Src</Filter>
    </ClCompile>
    <ClCompile Include="$(THOR_ROOT)\Thor\lib\stm32hal_f7\STM32F7xx_HAL_Driver\Src\stm32f7xx_hal_spdifrx.c">
      <Filter>stm32hal_f7\STM32F7xx_HAL_Driver\Src</Filter>
    </ClCompile>
    <ClCompile Include="$(THOR_ROOT)\Thor\lib\stm32hal_f7\STM32F7xx_HAL_Driver\Src\stm32f7xx_hal_spi.c">
      <Filter>stm32hal_f7\STM32F7xx_HAL_Driver\Src</Filter>
    </ClCompile>
    <ClCompile Include="$(THOR_ROOT)\Thor\lib\stm32hal_f7\STM32F7xx_HAL_Driver\Src\stm32f7xx_hal_sram.c">
      <Filter>stm32hal_f7\STM32F7xx_HAL_Driver\Src</Filter>
    </ClCompile>
    <ClCompile Include="$(THOR_ROOT)\Thor\lib\stm32hal_f7\STM32F7xx_HAL_Driver\Src\stm32f7xx_hal_tim.c">
      <Filter>stm32hal_f7\STM32F7xx_HAL_Driver\Src</Filter>
    </ClCompile>
    <ClCompile Include="$(THOR_ROOT)\Thor\lib\stm32hal_f7\STM32F7xx_HAL_Driver\Src\stm32f7xx_hal_tim_ex.c">
      <Filter>stm32hal_f7\STM32F7xx_HAL_Driver\Src</Filter>
    </ClCompile>
    <ClCompile Include="$(THOR_ROOT)\Thor\lib\stm32hal_f7\STM32F7xx_HAL_Driver\Src\stm32f7xx_hal_uart.c">
      <Filter>stm32hal_f7\STM32F7xx_HAL_Driver\Src</Filter>
    </ClCompile>
    <ClCompile Include="$(THOR_ROOT)\Thor\lib\stm32hal_f7\STM32F7xx_HAL_Driver\Src\stm32f7xx_hal_usart.c">
      <Filter>stm32hal_f7\STM32F7xx_HAL_Driver\Src</Filter>
    </ClCompile>
    <ClCompile Include="$(THOR_ROOT)\Thor\lib\stm32hal_f7\STM32F7xx_HAL_Driver\Src\stm32f7xx_hal_wwdg.c">
      <Filter>stm32hal_f7\STM32F7xx_HAL_Driver\Src</Filter>
    </ClCompile>
    <ClCompile Include="$(THOR_ROOT)\Thor\lib\stm32hal_f7\STM32F7xx_HAL_Driver\Src\stm32f7xx_ll_adc.c">
      <Filter>stm32hal_f7\STM32F7xx_HAL_Driver\Src</Filter>
    </ClCompile>
    <ClCompile Include="$(THOR_ROOT)\Thor\lib\stm32hal_f7\STM32F7xx_HAL_Driver\Src\stm32f7xx_ll_crc.c">
      <Filter>stm32hal_f7\STM32F7xx_HAL_Driver\Src</Filter>
    </ClCompile>
    <ClCompile Include="$(THOR_ROOT)\Thor\lib\stm32hal_f7\STM32F7xx_HAL_Driver\Src\stm32f7xx_ll_dac.c">
      <Filter>stm32hal_f7\STM32F7xx_HAL_Driver\Src</Filter>
    </ClCompile>
    <ClCompile Include="$(THOR_ROOT)\Thor\lib\stm32hal_f7\STM32F7xx_HAL_Driver\Src\stm32f7xx_ll_dma.c">
      <Filter>stm32hal_f7\STM32F7xx_HAL_Driver\Src</Filter>
    </ClCompile>
    <ClCompile Include="$(THOR_ROOT)\Thor\lib\stm32hal_f7\STM32F7xx_HAL_Driver\Src\stm32f7xx_ll_dma2d.c">
      <Filter>stm32hal_f7\STM32F7xx_HAL_Driver\Src</Filter>
    </ClCompile>
    <ClCompile Include="$(THOR_ROOT)\Thor\lib\stm32hal_f7\STM32F7xx_HAL_Driver\Src\stm32f7xx_ll_exti.c">
      <Filter>stm32hal_f7\STM32F7xx_HAL_Driver\Src</Filter>
    </ClCompile>
    <ClCompile Include="$(THOR_ROOT)\Thor\lib\stm32hal_f7\STM32F7xx_HAL_Driver\Src\stm32f7xx_ll_fmc.c">
      <Filter>stm32hal_f7\STM32F7xx_HAL_Driver\Src</Filter>
    </ClCompile>
    <ClCompile Include="$(THOR_ROOT)\Thor\lib\stm32hal_f7\STM32F7xx_HAL_Driver\Src\stm32f7xx_ll_gpio.c">
      <Filter>stm32hal_f7\STM32F7xx_HAL_Driver\Src</Filter>
    </ClCompile>
    <ClCompile Include="$(THOR_ROOT)\Thor\lib\stm32hal_f7\STM32F7xx_HAL_Driver\Src\stm32f7xx_ll_i2c.c">
      <Filter>stm32hal_f7\STM32F7xx_HAL_Driver\Src</Filter>
    </ClCompile>
    <ClCompile Include="$(THOR_ROOT)\Thor\lib\stm32hal_f7\STM32F7xx_HAL_Driver\Src\stm32f7xx_ll_lptim.c">
      <Filter>stm32hal_f7\STM32F7xx_HAL_Driver\Src</Filter>
    </ClCompile>
    <ClCompile Include="$(THOR_ROOT)\Thor\lib\stm32hal_f7\STM32F7xx_HAL_Driver\Src\stm32f7xx_ll_pwr.c">
      <Filter>stm32hal_f7\STM32F7xx_HAL_Driver\Src</Filter>
    </ClCompile>
    <ClCompile Include="$(THOR_ROOT)\Thor\lib\stm32hal_f7\STM32F7xx_HAL_Driver\Src\stm32f7xx_ll_rcc.c">
      <Filter>stm32hal_f7\STM32F7xx_HAL_Driver\Src</Filter>
    </ClCompile>
    <ClCompile Include="$(THOR_ROOT)\Thor\lib\stm32hal_f7\STM32F7xx_HAL_Driver\Src\stm32f7xx_ll_rng.c">
      <Filter>stm32hal_f7\STM32F7xx_HAL_Driver\Src</Filter>
    </ClCompile>
    <ClCompile Include="$(THOR_ROOT)\Thor\lib\stm32hal_f7\STM32F7xx_HAL_Driver\Src\stm32f7xx_ll_rtc.c">
      <Filter>stm32hal_f7\STM32F7xx_HAL_Driver\Src</Filter>
    </ClCompile>
    <ClCompile Include="$(THOR_ROOT)\Thor\lib\stm32hal_f7\STM32F7xx_HAL_Driver\Src\stm32f7xx_ll_sdmmc.c">
      <Filter>stm32hal_f7\STM32F7xx_HAL_Driver\Src</Filter>
    </ClCompile>
    <ClCompile Include="$(THOR_ROOT)\Thor\lib\stm32hal_f7\STM32F7xx_HAL_Driver\Src\stm32f7xx_ll_spi.c">
      <Filter>stm32hal_f7\STM32F7xx_HAL_Driver\Src</Filter>
    </ClCompile>
    <ClCompile Include="$(THOR_ROOT)\Thor\lib\stm32hal_f7\STM32F7xx_HAL_Driver\Src\stm32f7xx_ll_tim.c">
      <Filter>stm32hal_f7\STM32F7xx_HAL_Driver\Src</Filter>
    </ClCompile>
    <ClCompile Include="$(THOR_ROOT)\Thor\lib\stm32hal_f7\STM32F7xx_HAL_Driver\Src\stm32f7xx_ll_usart.c">
      <Filter>stm32hal_f7\STM32F7xx_HAL_Driver\Src</Filter>
    </ClCompile>
    <ClCompile Include="$(THOR_ROOT)\Thor\lib\stm32hal_f7\STM32F7xx_HAL_Driver\Src\stm32f7xx_ll_usb.c">
      <Filter>stm32hal_f7\STM32F7xx_HAL_Driver\Src</Filter>
    </ClCompile>
    <ClCompile Include="$(THOR_ROOT)\Thor\lib\stm32hal_f7\STM32F7xx_HAL_Driver\Src\stm32f7xx_ll_utils.c">
      <Filter>stm32hal_f7\STM32F7xx_HAL_Driver\Src</Filter>
    </ClCompile>
    <ClCompile Include="$(THOR_ROOT)\Thor\lib\FreeRTOS\croutine.c">
      <Filter>FreeRTOS</Filter>
    </ClCompile>
    <ClCompile Include="$(THOR_ROOT)\Thor\lib\FreeRTOS\event_groups.c">
      <Filter>FreeRTOS</Filter>
    </ClCompile>
    <ClCompile Include="$(THOR_ROOT)\Thor\lib\FreeRTOS\list.c">
      <Filter>FreeRTOS</Filter>
    </ClCompile>
    <ClCompile Include="$(THOR_ROOT)\Thor\lib\FreeRTOS\queue.c">
      <Filter>FreeRTOS</Filter>
    </ClCompile>
    <ClCompile Include="$(THOR_ROOT)\Thor\lib\FreeRTOS\stream_buffer.c">
      <Filter>FreeRTOS</Filter>
    </ClCompile>
    <ClCompile Include="$(THOR_ROOT)\Thor\lib\FreeRTOS\tasks.c">
      <Filter>FreeRTOS</Filter>
    </ClCompile>
    <ClCompile Include="$(THOR_ROOT)\Thor\lib\FreeRTOS\timers.c">
      <Filter>FreeRTOS</Filter>
    </ClCompile>
    <ClInclude Include="$(THOR_ROOT)\Thor\lib\FreeRTOS\config\stm32\FreeRTOSConfig.h">
      <Filter>FreeRTOS\config\stm32</Filter>
    </ClInclude>
    <ClInclude Include="$(THOR_ROOT)\Thor\lib\FreeRTOS\include\croutine.h">
      <Filter>FreeRTOS\include</Filter>
    </ClInclude>
    <ClInclude Include="$(THOR_ROOT)\Thor\lib\FreeRTOS\include\deprecated_definitions.h">
      <Filter>FreeRTOS\include</Filter>
    </ClInclude>
    <ClInclude Include="$(THOR_ROOT)\Thor\lib\FreeRTOS\include\event_groups.h">
      <Filter>FreeRTOS\include</Filter>
    </ClInclude>
    <ClInclude Include="$(THOR_ROOT)\Thor\lib\FreeRTOS\include\FreeRTOS.h">
      <Filter>FreeRTOS\include</Filter>
    </ClInclude>
    <ClInclude Include="$(THOR_ROOT)\Thor\lib\FreeRTOS\include\list.h">
      <Filter>FreeRTOS\include</Filter>
    </ClInclude>
    <ClInclude Include="$(THOR_ROOT)\Thor\lib\FreeRTOS\include\message_buffer.h">
      <Filter>FreeRTOS\include</Filter>
    </ClInclude>
    <ClInclude Include="$(THOR_ROOT)\Thor\lib\FreeRTOS\include\mpu_prototypes.h">
      <Filter>FreeRTOS\include</Filter>
    </ClInclude>
    <ClInclude Include="$(THOR_ROOT)\Thor\lib\FreeRTOS\include\mpu_wrappers.h">
      <Filter>FreeRTOS\include</Filter>
    </ClInclude>
    <ClInclude Include="$(THOR_ROOT)\Thor\lib\FreeRTOS\include\portable.h">
      <Filter>FreeRTOS\include</Filter>
    </ClInclude>
    <ClInclude Include="$(THOR_ROOT)\Thor\lib\FreeRTOS\include\projdefs.h">
      <Filter>FreeRTOS\include</Filter>
    </ClInclude>
    <ClInclude Include="$(THOR_ROOT)\Thor\lib\FreeRTOS\include\queue.h">
      <Filter>FreeRTOS\include</Filter>
    </ClInclude>
    <ClInclude Include="$(THOR_ROOT)\Thor\lib\FreeRTOS\include\semphr.h">
      <Filter>FreeRTOS\include</Filter>
    </ClInclude>
    <ClInclude Include="$(THOR_ROOT)\Thor\lib\FreeRTOS\include\StackMacros.h">
      <Filter>FreeRTOS\include</Filter>
    </ClInclude>
    <ClInclude Include="$(THOR_ROOT)\Thor\lib\FreeRTOS\include\stack_macros.h">
      <Filter>FreeRTOS\include</Filter>
    </ClInclude>
    <ClInclude Include="$(THOR_ROOT)\Thor\lib\FreeRTOS\include\stream_buffer.h">
      <Filter>FreeRTOS\include</Filter>
    </ClInclude>
    <ClInclude Include="$(THOR_ROOT)\Thor\lib\FreeRTOS\include\task.h">
      <Filter>FreeRTOS\include</Filter>
    </ClInclude>
    <ClInclude Include="$(THOR_ROOT)\Thor\lib\FreeRTOS\include\timers.h">
      <Filter>FreeRTOS\include</Filter>
    </ClInclude>
    <ClCompile Include="$(THOR_ROOT)\Thor\lib\FreeRTOS\portable\Common\mpu_wrappers.c">
      <Filter>FreeRTOS\portable\Common</Filter>
    </ClCompile>
    <None Include="$(THOR_ROOT)\Thor\lib\FreeRTOS\portable\GCC\ARM_CM7\ReadMe.txt">
      <Filter>FreeRTOS\portable\GCC\ARM_CM7</Filter>
    </None>
    <ClCompile Include="$(THOR_ROOT)\Thor\lib\FreeRTOS\portable\GCC\ARM_CM7\r0p1\port.c">
      <Filter>FreeRTOS\portable\GCC\ARM_CM7\r0p1</Filter>
    </ClCompile>
    <ClInclude Include="$(THOR_ROOT)\Thor\lib\FreeRTOS\portable\GCC\ARM_CM7\r0p1\portmacro.h">
      <Filter>FreeRTOS\portable\GCC\ARM_CM7\r0p1</Filter>
    </ClInclude>
    <ClCompile Include="$(THOR_ROOT)\Thor\lib\FreeRTOS\portable\MemMang\heap_4.c">
      <Filter>FreeRTOS\portable\MemMang</Filter>
    </ClCompile>
    <ClCompile Include="$(EFP_BASE)\Profiler\FastSemihosting.cpp">
      <Filter>Source files\Device-specific files\Semihosting/Profiler</Filter>
    </ClCompile>
    <ClCompile Include="$(EFP_BASE)\Profiler\SamplingProfiler.cpp">
      <Filter>Source files\Device-specific files\Semihosting/Profiler</Filter>
    </ClCompile>
    <ClCompile Include="$(EFP_BASE)\Profiler\InstrumentingProfiler.cpp">
      <Filter>Source files\Device-specific files\Semihosting/Profiler</Filter>
    </ClCompile>
    <ClCompile Include="$(EFP_BASE)\Profiler\ProfilerRTOS_FreeRTOS.c">
      <Filter>Source files\Device-specific files\Semihosting/Profiler</Filter>
    </ClCompile>
    <ClInclude Include="$(EFP_BASE)\Profiler\SysprogsProfiler.h">
      <Filter>Header files\Device-specific files\Semihosting/Profiler</Filter>
    </ClInclude>
    <ClInclude Include="$(EFP_BASE)\Profiler\SmallNumberCoder.h">
      <Filter>Header files\Device-specific files\Semihosting/Profiler</Filter>
    </ClInclude>
    <ClInclude Include="$(EFP_BASE)\Profiler\SysprogsProfilerInterface.h">
      <Filter>Header files\Device-specific files\Semihosting/Profiler</Filter>
    </ClInclude>
    <ClInclude Include="$(EFP_BASE)\Profiler\ProfilerFreeRTOSHooks.h">
      <Filter>Header files\Device-specific files\Semihosting/Profiler</Filter>
    </ClInclude>
    <ClInclude Include="$(EFP_BASE)\Profiler\CustomRealTimeWatches.h">
      <Filter>Header files\Device-specific files\Semihosting/Profiler</Filter>
    </ClInclude>
    <ClInclude Include="$(EFP_BASE)\Profiler\DebuggerChecker.h">
      <Filter>Header files\Device-specific files\Semihosting/Profiler</Filter>
    </ClInclude>
    <ClCompile Include="$(GIT_ROOT)\DeviceDrivers\FlashMemory\at45db\at45db081.cpp">
      <Filter>at45db</Filter>
    </ClCompile>
    <ClInclude Include="$(GIT_ROOT)\DeviceDrivers\FlashMemory\at45db\at45db081.hpp">
      <Filter>at45db</Filter>
    </ClInclude>
    <ClInclude Include="$(GIT_ROOT)\DeviceDrivers\FlashMemory\at45db\at45db081_definitions.hpp">
      <Filter>at45db</Filter>
    </ClInclude>
    <ClCompile Include="$(GITHUB_ROOT)\\reliance-edge\core\driver\blockio.c">
      <Filter>reliance-edge\core\driver</Filter>
    </ClCompile>
    <ClCompile Include="$(GITHUB_ROOT)\\reliance-edge\core\driver\buffer.c">
      <Filter>reliance-edge\core\driver</Filter>
    </ClCompile>
    <ClCompile Include="$(GITHUB_ROOT)\\reliance-edge\core\driver\core.c">
      <Filter>reliance-edge\core\driver</Filter>
    </ClCompile>
    <ClCompile Include="$(GITHUB_ROOT)\\reliance-edge\core\driver\dir.c">
      <Filter>reliance-edge\core\driver</Filter>
    </ClCompile>
    <ClCompile Include="$(GITHUB_ROOT)\\reliance-edge\core\driver\format.c">
      <Filter>reliance-edge\core\driver</Filter>
    </ClCompile>
    <ClCompile Include="$(GITHUB_ROOT)\\reliance-edge\core\driver\imap.c">
      <Filter>reliance-edge\core\driver</Filter>
    </ClCompile>
    <ClCompile Include="$(GITHUB_ROOT)\\reliance-edge\core\driver\imapextern.c">
      <Filter>reliance-edge\core\driver</Filter>
    </ClCompile>
    <ClCompile Include="$(GITHUB_ROOT)\\reliance-edge\core\driver\imapinline.c">
      <Filter>reliance-edge\core\driver</Filter>
    </ClCompile>
    <ClCompile Include="$(GITHUB_ROOT)\\reliance-edge\core\driver\inode.c">
      <Filter>reliance-edge\core\driver</Filter>
    </ClCompile>
    <ClCompile Include="$(GITHUB_ROOT)\\reliance-edge\core\driver\inodedata.c">
      <Filter>reliance-edge\core\driver</Filter>
    </ClCompile>
    <ClCompile Include="$(GITHUB_ROOT)\\reliance-edge\core\driver\volume.c">
      <Filter>reliance-edge\core\driver</Filter>
    </ClCompile>
    <ClInclude Include="$(GITHUB_ROOT)\\reliance-edge\core\include\redcore.h">
      <Filter>reliance-edge\core\include</Filter>
    </ClInclude>
    <ClInclude Include="$(GITHUB_ROOT)\\reliance-edge\core\include\redcoremacs.h">
      <Filter>reliance-edge\core\include</Filter>
    </ClInclude>
    <ClInclude Include="$(GITHUB_ROOT)\\reliance-edge\core\include\redcorevol.h">
      <Filter>reliance-edge\core\include</Filter>
    </ClInclude>
    <ClInclude Include="$(GITHUB_ROOT)\\reliance-edge\core\include\rednodes.h">
      <Filter>reliance-edge\core\include</Filter>
    </ClInclude>
    <ClCompile Include="$(GITHUB_ROOT)\\reliance-edge\fse\fse.c">
      <Filter>reliance-edge\fse</Filter>
    </ClCompile>
    <ClInclude Include="$(GITHUB_ROOT)\\reliance-edge\include\redapimacs.h">
      <Filter>reliance-edge\include</Filter>
    </ClInclude>
    <ClInclude Include="$(GITHUB_ROOT)\\reliance-edge\include\redconfigchk.h">
      <Filter>reliance-edge\include</Filter>
    </ClInclude>
    <ClInclude Include="$(GITHUB_ROOT)\\reliance-edge\include\redcoreapi.h">
      <Filter>reliance-edge\include</Filter>
    </ClInclude>
    <ClInclude Include="$(GITHUB_ROOT)\\reliance-edge\include\reddeviations.h">
      <Filter>reliance-edge\include</Filter>
    </ClInclude>
    <ClInclude Include="$(GITHUB_ROOT)\\reliance-edge\include\rederrno.h">
      <Filter>reliance-edge\include</Filter>
    </ClInclude>
    <ClInclude Include="$(GITHUB_ROOT)\\reliance-edge\include\redexclude.h">
      <Filter>reliance-edge\include</Filter>
    </ClInclude>
    <ClInclude Include="$(GITHUB_ROOT)\\reliance-edge\include\redfs.h">
      <Filter>reliance-edge\include</Filter>
    </ClInclude>
    <ClInclude Include="$(GITHUB_ROOT)\\reliance-edge\include\redfse.h">
      <Filter>reliance-edge\include</Filter>
    </ClInclude>
    <ClInclude Include="$(GITHUB_ROOT)\\reliance-edge\include\redgetopt.h">
      <Filter>reliance-edge\include</Filter>
    </ClInclude>
    <ClInclude Include="$(GITHUB_ROOT)\\reliance-edge\include\redmacs.h">
      <Filter>reliance-edge\include</Filter>
    </ClInclude>
    <ClInclude Include="$(GITHUB_ROOT)\\reliance-edge\include\redmisc.h">
      <Filter>reliance-edge\include</Filter>
    </ClInclude>
    <ClInclude Include="$(GITHUB_ROOT)\\reliance-edge\include\redosserv.h">
      <Filter>reliance-edge\include</Filter>
    </ClInclude>
    <ClInclude Include="$(GITHUB_ROOT)\\reliance-edge\include\redpath.h">
      <Filter>reliance-edge\include</Filter>
    </ClInclude>
    <ClInclude Include="$(GITHUB_ROOT)\\reliance-edge\include\redposix.h">
      <Filter>reliance-edge\include</Filter>
    </ClInclude>
    <ClInclude Include="$(GITHUB_ROOT)\\reliance-edge\include\redstat.h">
      <Filter>reliance-edge\include</Filter>
    </ClInclude>
    <ClInclude Include="$(GITHUB_ROOT)\\reliance-edge\include\redtests.h">
      <Filter>reliance-edge\include</Filter>
    </ClInclude>
    <ClInclude Include="$(GITHUB_ROOT)\\reliance-edge\include\redtestutils.h">
      <Filter>reliance-edge\include</Filter>
    </ClInclude>
    <ClInclude Include="$(GITHUB_ROOT)\\reliance-edge\include\redtoolcmn.h">
      <Filter>reliance-edge\include</Filter>
    </ClInclude>
    <ClInclude Include="$(GITHUB_ROOT)\\reliance-edge\include\redtools.h">
      <Filter>reliance-edge\include</Filter>
    </ClInclude>
    <ClInclude Include="$(GITHUB_ROOT)\\reliance-edge\include\redutils.h">
      <Filter>reliance-edge\include</Filter>
    </ClInclude>
    <ClInclude Include="$(GITHUB_ROOT)\\reliance-edge\include\redver.h">
      <Filter>reliance-edge\include</Filter>
    </ClInclude>
    <ClInclude Include="$(GITHUB_ROOT)\\reliance-edge\include\redvolume.h">
      <Filter>reliance-edge\include</Filter>
    </ClInclude>
    <ClInclude Include="$(GITHUB_ROOT)\\reliance-edge\os\freertos\include\redosdeviations.h">
      <Filter>reliance-edge\os\freertos\include</Filter>
    </ClInclude>
    <ClInclude Include="$(GITHUB_ROOT)\\reliance-edge\os\freertos\include\redostypes.h">
      <Filter>reliance-edge\os\freertos\include</Filter>
    </ClInclude>
    <ClCompile Include="$(GITHUB_ROOT)\\reliance-edge\os\freertos\services\osassert.c">
      <Filter>reliance-edge\os\freertos\services</Filter>
    </ClCompile>
    <ClCompile Include="$(GITHUB_ROOT)\\reliance-edge\os\freertos\services\osbdev.c">
      <Filter>reliance-edge\os\freertos\services</Filter>
    </ClCompile>
    <ClCompile Include="$(GITHUB_ROOT)\\reliance-edge\os\freertos\services\osclock.c">
      <Filter>reliance-edge\os\freertos\services</Filter>
    </ClCompile>
    <ClCompile Include="$(GITHUB_ROOT)\\reliance-edge\os\freertos\services\osmutex.c">
      <Filter>reliance-edge\os\freertos\services</Filter>
    </ClCompile>
    <ClCompile Include="$(GITHUB_ROOT)\\reliance-edge\os\freertos\services\osoutput.c">
      <Filter>reliance-edge\os\freertos\services</Filter>
    </ClCompile>
    <ClCompile Include="$(GITHUB_ROOT)\\reliance-edge\os\freertos\services\ostask.c">
      <Filter>reliance-edge\os\freertos\services</Filter>
    </ClCompile>
    <ClCompile Include="$(GITHUB_ROOT)\\reliance-edge\os\freertos\services\ostimestamp.c">
      <Filter>reliance-edge\os\freertos\services</Filter>
    </ClCompile>
    <ClInclude Include="$(GITHUB_ROOT)\\reliance-edge\os\freertos\services\osbdev_asfsdmmc.h">
      <Filter>reliance-edge\os\freertos\services</Filter>
    </ClInclude>
    <ClInclude Include="$(GITHUB_ROOT)\\reliance-edge\os\freertos\services\osbdev_custom.h">
      <Filter>reliance-edge\os\freertos\services</Filter>
    </ClInclude>
    <ClInclude Include="$(GITHUB_ROOT)\\reliance-edge\os\freertos\services\osbdev_fatfs.h">
      <Filter>reliance-edge\os\freertos\services</Filter>
    </ClInclude>
    <ClInclude Include="$(GITHUB_ROOT)\\reliance-edge\os\freertos\services\osbdev_fdriver.h">
      <Filter>reliance-edge\os\freertos\services</Filter>
    </ClInclude>
    <ClInclude Include="$(GITHUB_ROOT)\\reliance-edge\os\freertos\services\osbdev_ramdisk.h">
      <Filter>reliance-edge\os\freertos\services</Filter>
    </ClInclude>
    <ClInclude Include="$(GITHUB_ROOT)\\reliance-edge\os\freertos\services\osbdev_stm32sdio.h">
      <Filter>reliance-edge\os\freertos\services</Filter>
    </ClInclude>
    <ClCompile Include="$(GITHUB_ROOT)\\reliance-edge\posix\path.c">
      <Filter>reliance-edge\posix</Filter>
    </ClCompile>
    <ClCompile Include="$(GITHUB_ROOT)\\reliance-edge\posix\posix.c">
      <Filter>reliance-edge\posix</Filter>
    </ClCompile>
    <ClCompile Include="$(GITHUB_ROOT)\\reliance-edge\util\bitmap.c">
      <Filter>reliance-edge\util</Filter>
    </ClCompile>
    <ClCompile Include="$(GITHUB_ROOT)\\reliance-edge\util\crc.c">
      <Filter>reliance-edge\util</Filter>
    </ClCompile>
    <ClCompile Include="$(GITHUB_ROOT)\\reliance-edge\util\endian.c">
      <Filter>reliance-edge\util</Filter>
    </ClCompile>
    <ClCompile Include="$(GITHUB_ROOT)\\reliance-edge\util\memory.c">
      <Filter>reliance-edge\util</Filter>
    </ClCompile>
    <ClCompile Include="$(GITHUB_ROOT)\\reliance-edge\util\namelen.c">
      <Filter>reliance-edge\util</Filter>
    </ClCompile>
    <ClCompile Include="$(GITHUB_ROOT)\\reliance-edge\util\sign.c">
      <Filter>reliance-edge\util</Filter>
    </ClCompile>
    <ClCompile Include="$(GITHUB_ROOT)\\reliance-edge\util\string.c">
      <Filter>reliance-edge\util</Filter>
    </ClCompile>
  </ItemGroup>
  <ItemGroup>
    <ClCompile Include="main.cpp">
      <Filter>Source files</Filter>
    </ClCompile>
    <ClCompile Include="$(THOR_ROOT)\Thor\Thor\source\thor_core.cpp">
      <Filter>Thor\source</Filter>
    </ClCompile>
  </ItemGroup>
</Project>